# Generated by buf. DO NOT EDIT.
version: v2
deps:
  - name: buf.build/aquarium/common
    commit: 58039600ab3e4343b2779fa72dfde897
    digest: b5:bd534ccab8befa059982a4635703b4efe92694962d3d5c166437d0aa74cd82eb6967d3d78ac0ea263c791bf5f6fb252bc5f697f769baa02e13d6a91cba852bb7
  - name: buf.build/bufbuild/protovalidate
    commit: 2a1774d888024a9b93ce7eb4b59f6a83
    digest: b5:6b7f9bc919b65e5b79d7b726ffc03d6f815a412d6b792970fa6f065cae162107bd0a9d47272c8ab1a2c9514e87b13d3fbf71df614374d62d2183afb64be2d30a
